{
  "name": "shweta-string-utils",
  "version": "1.0.0",
  "lockfileVersion": 3,
  "requires": true,
  "packages": {
    "": {
      "name": "shweta-string-utils",
      "version": "1.0.0",
      "license": "MIT",
      "dependencies": {
        "shweta-string-utils": "^1.0.0"
      }
    },
    "node_modules/shweta-string-utils": {
      "version": "1.0.0",
      "resolved": "https://registry.npmjs.org/shweta-string-utils/-/shweta-string-utils-1.0.0.tgz",
      "integrity": "sha512-QUidtQwTQPwkAv6uwaJw3k4zRIEP93RO/LExW278h3yCVmTqfe3QOX4uoVaPjg2JkTFJiZKn3flPlGEuSpS6Pw==",
      "license": "MIT"
    }
  }
}
